
Microsoft Visual Studio Solution File, Format Version 12.00
# Visual Studio Version 17
VisualStudioVersion = 17.0.31521.260
MinimumVisualStudioVersion = 10.0.40219.1
Project("{9A19103F-16F7-4668-BE54-9A1E7A4F7556}") = "CleanArchMvc.Domain", "CleanArchMvc.Domain\CleanArchMvc.Domain.csproj", "{0F4D42E6-4054-4E97-9B13-C13B76FBA1A2}"
EndProject
Project("{9A19103F-16F7-4668-BE54-9A1E7A4F7556}") = "CleanArchMvc.Application", "CleanArchMvc.Application\CleanArchMvc.Application.csproj", "{8E21FE93-C547-4801-9E79-57544A1DB64E}"
EndProject
Project("{9A19103F-16F7-4668-BE54-9A1E7A4F7556}") = "CleanArchMvc.Infra", "CleanArchMvc.Infra\CleanArchMvc.Infra.csproj", "{B857899C-F11A-460B-8C4F-FAA5A46C53B2}"
EndProject
Project("{9A19103F-16F7-4668-BE54-9A1E7A4F7556}") = "CleanArchMvc.IoC", "CleanArchMvc.IoC\CleanArchMvc.IoC.csproj", "{65F4C763-8861-4D5C-956C-98A42716F302}"
EndProject
Project("{9A19103F-16F7-4668-BE54-9A1E7A4F7556}") = "CleanArchMvc.UI", "CleanArchMvc.UI\CleanArchMvc.UI.csproj", "{ADCA4344-910F-4CFF-9E95-5CA80B9ECA95}"
EndProject
Project("{9A19103F-16F7-4668-BE54-9A1E7A4F7556}") = "CleanArchMvc.Domain.Tests", "CleanArchMvc.Domain.Tests\CleanArchMvc.Domain.Tests.csproj", "{5924945A-B896-4AD0-9026-2245938692FE}"
EndProject
Global
	GlobalSection(SolutionConfigurationPlatforms) = preSolution
		Debug|Any CPU = Debug|Any CPU
		Release|Any CPU = Release|Any CPU
	EndGlobalSection
	GlobalSection(ProjectConfigurationPlatforms) = postSolution
		{0F4D42E6-4054-4E97-9B13-C13B76FBA1A2}.Debug|Any CPU.ActiveCfg = Debug|Any CPU
		{0F4D42E6-4054-4E97-9B13-C13B76FBA1A2}.Debug|Any CPU.Build.0 = Debug|Any CPU
		{0F4D42E6-4054-4E97-9B13-C13B76FBA1A2}.Release|Any CPU.ActiveCfg = Release|Any CPU
		{0F4D42E6-4054-4E97-9B13-C13B76FBA1A2}.Release|Any CPU.Build.0 = Release|Any CPU
		{8E21FE93-C547-4801-9E79-57544A1DB64E}.Debug|Any CPU.ActiveCfg = Debug|Any CPU
		{8E21FE93-C547-4801-9E79-57544A1DB64E}.Debug|Any CPU.Build.0 = Debug|Any CPU
		{8E21FE93-C547-4801-9E79-57544A1DB64E}.Release|Any CPU.ActiveCfg = Release|Any CPU
		{8E21FE93-C547-4801-9E79-57544A1DB64E}.Release|Any CPU.Build.0 = Release|Any CPU
		{B857899C-F11A-460B-8C4F-FAA5A46C53B2}.Debug|Any CPU.ActiveCfg = Debug|Any CPU
		{B857899C-F11A-460B-8C4F-FAA5A46C53B2}.Debug|Any CPU.Build.0 = Debug|Any CPU
		{B857899C-F11A-460B-8C4F-FAA5A46C53B2}.Release|Any CPU.ActiveCfg = Release|Any CPU
		{B857899C-F11A-460B-8C4F-FAA5A46C53B2}.Release|Any CPU.Build.0 = Release|Any CPU
		{65F4C763-8861-4D5C-956C-98A42716F302}.Debug|Any CPU.ActiveCfg = Debug|Any CPU
		{65F4C763-8861-4D5C-956C-98A42716F302}.Debug|Any CPU.Build.0 = Debug|Any CPU
		{65F4C763-8861-4D5C-956C-98A42716F302}.Release|Any CPU.ActiveCfg = Release|Any CPU
		{65F4C763-8861-4D5C-956C-98A42716F302}.Release|Any CPU.Build.0 = Release|Any CPU
		{ADCA4344-910F-4CFF-9E95-5CA80B9ECA95}.Debug|Any CPU.ActiveCfg = Debug|Any CPU
		{ADCA4344-910F-4CFF-9E95-5CA80B9ECA95}.Debug|Any CPU.Build.0 = Debug|Any CPU
		{ADCA4344-910F-4CFF-9E95-5CA80B9ECA95}.Release|Any CPU.ActiveCfg = Release|Any CPU
		{ADCA4344-910F-4CFF-9E95-5CA80B9ECA95}.Release|Any CPU.Build.0 = Release|Any CPU
		{5924945A-B896-4AD0-9026-2245938692FE}.Debug|Any CPU.ActiveCfg = Debug|Any CPU
		{5924945A-B896-4AD0-9026-2245938692FE}.Debug|Any CPU.Build.0 = Debug|Any CPU
		{5924945A-B896-4AD0-9026-2245938692FE}.Release|Any CPU.ActiveCfg = Release|Any CPU
		{5924945A-B896-4AD0-9026-2245938692FE}.Release|Any CPU.Build.0 = Release|Any CPU
	EndGlobalSection
	GlobalSection(SolutionProperties) = preSolution
		HideSolutionNode = FALSE
	EndGlobalSection
	GlobalSection(ExtensibilityGlobals) = postSolution
		SolutionGuid = {60B15E43-5A39-4425-85A0-031281F9C42D}
	EndGlobalSection
EndGlobal
